
Microsoft Visual Studio Solution File, Format Version 12.00
# Visual Studio Version 16
VisualStudioVersion = 16.0.28809.33
MinimumVisualStudioVersion = 10.0.40219.1
Project("{FAE04EC0-301F-11D3-BF4B-00C04F79EFBC}") = "ScreenSaver", "ScreenSaver.csproj", "{349F747B-B0DC-4F35-9D73-22DC0918FF16}"
EndProject
Global
	GlobalSection(SolutionConfigurationPlatforms) = preSolution
		Debug|Any CPU = Debug|Any CPU
		Release|Any CPU = Release|Any CPU
	EndGlobalSection
	GlobalSection(ProjectConfigurationPlatforms) = postSolution
		{349F747B-B0DC-4F35-9D73-22DC0918FF16}.Debug|Any CPU.ActiveCfg = Debug|Any CPU
		{349F747B-B0DC-4F35-9D73-22DC0918FF16}.Debug|Any CPU.Build.0 = Debug|Any CPU
		{349F747B-B0DC-4F35-9D73-22DC0918FF16}.Release|Any CPU.ActiveCfg = Release|Any CPU
		{349F747B-B0DC-4F35-9D73-22DC0918FF16}.Release|Any CPU.Build.0 = Release|Any CPU
	EndGlobalSection
	GlobalSection(SolutionProperties) = preSolution
		HideSolutionNode = FALSE
	EndGlobalSection
	GlobalSection(ExtensibilityGlobals) = postSolution
		SolutionGuid = {824C0D24-C982-4E0D-99F2-1C1B3A262993}
	EndGlobalSection
EndGlobal
